
Microsoft Visual Studio Solution File, Format Version 12.00
# Visual Studio Version 16
VisualStudioVersion = 16.0.29920.165
MinimumVisualStudioVersion = 10.0.40219.1
Project("{FAE04EC0-301F-11D3-BF4B-00C04F79EFBC}") = "foreashlendoarray", "foreashlendoarray.csproj", "{E315D66B-3AEF-4EF1-A151-5240A2E82A3E}"
EndProject
Global
	GlobalSection(SolutionConfigurationPlatforms) = preSolution
		Debug|Any CPU = Debug|Any CPU
		Release|Any CPU = Release|Any CPU
	EndGlobalSection
	GlobalSection(ProjectConfigurationPlatforms) = postSolution
		{E315D66B-3AEF-4EF1-A151-5240A2E82A3E}.Debug|Any CPU.ActiveCfg = Debug|Any CPU
		{E315D66B-3AEF-4EF1-A151-5240A2E82A3E}.Debug|Any CPU.Build.0 = Debug|Any CPU
		{E315D66B-3AEF-4EF1-A151-5240A2E82A3E}.Release|Any CPU.ActiveCfg = Release|Any CPU
		{E315D66B-3AEF-4EF1-A151-5240A2E82A3E}.Release|Any CPU.Build.0 = Release|Any CPU
	EndGlobalSection
	GlobalSection(SolutionProperties) = preSolution
		HideSolutionNode = FALSE
	EndGlobalSection
	GlobalSection(ExtensibilityGlobals) = postSolution
		SolutionGuid = {471FD094-018F-46F3-B3E0-A26C3709E555}
	EndGlobalSection
EndGlobal
